// !$*UTF8*$!
{
	archiveVersion = 1;
	classes = {
	};
	objectVersion = 77;
	objects = {

/* Begin PBXBuildFile section */
		D8798AAB2DA344FA007C3E65 /* Auth0 in Frameworks */ = {isa = PBXBuildFile; productRef = D8798AAA2DA344FA007C3E65 /* Auth0 */; };
		D8798AAF2DA34604007C3E65 /* Auth0.plist in Resources */ = {isa = PBXBuildFile; fileRef = D8798AAE2DA345F9007C3E65 /* Auth0.plist */; };
		FA7FBE8F2DA8B8BF002EF557 /* WidgetKit.framework in Frameworks */ = {isa = PBXBuildFile; fileRef = FA7FBE8E2DA8B8BF002EF557 /* WidgetKit.framework */; };
		FA7FBE912DA8B8BF002EF557 /* SwiftUI.framework in Frameworks */ = {isa = PBXBuildFile; fileRef = FA7FBE902DA8B8BF002EF557 /* SwiftUI.framework */; };
		FA7FBE9E2DA8B8C2002EF557 /* PriorityWidgetExtension.appex in Embed Foundation Extensions */ = {isa = PBXBuildFile; fileRef = FA7FBE8C2DA8B8BF002EF557 /* PriorityWidgetExtension.appex */; settings = {ATTRIBUTES = (RemoveHeadersOnCopy, ); }; };
/* End PBXBuildFile section */

/* Begin PBXContainerItemProxy section */
		62F0205B2DB9A9530018DFAA /* PBXContainerItemProxy */ = {
			isa = PBXContainerItemProxy;
			containerPortal = FAF550AC2D7B720E009C46D5 /* Project object */;
			proxyType = 1;
			remoteGlobalIDString = FAF550B32D7B720E009C46D5;
			remoteInfo = Priority;
		};
		FA7FBE9C2DA8B8C2002EF557 /* PBXContainerItemProxy */ = {
			isa = PBXContainerItemProxy;
			containerPortal = FAF550AC2D7B720E009C46D5 /* Project object */;
			proxyType = 1;
			remoteGlobalIDString = FA7FBE8B2DA8B8BF002EF557;
			remoteInfo = PriorityWidgetExtension;
		};
/* End PBXContainerItemProxy section */

/* Begin PBXCopyFilesBuildPhase section */
		FA7FBE9F2DA8B8C2002EF557 /* Embed Foundation Extensions */ = {
			isa = PBXCopyFilesBuildPhase;
			buildActionMask = 2147483647;
			dstPath = "";
			dstSubfolderSpec = 13;
			files = (
				FA7FBE9E2DA8B8C2002EF557 /* PriorityWidgetExtension.appex in Embed Foundation Extensions */,
			);
			name = "Embed Foundation Extensions";
			runOnlyForDeploymentPostprocessing = 0;
		};
/* End PBXCopyFilesBuildPhase section */

/* Begin PBXFileReference section */
		6267DE5C2DB9B2E80086770A /* Priority.xctestplan */ = {isa = PBXFileReference; lastKnownFileType = text; path = Priority.xctestplan; sourceTree = "<group>"; };
		62F020572DB9A9530018DFAA /* PriorityTesting2.xctest */ = {isa = PBXFileReference; explicitFileType = wrapper.cfbundle; includeInIndex = 0; path = PriorityTesting2.xctest; sourceTree = BUILT_PRODUCTS_DIR; };
		D8798AAE2DA345F9007C3E65 /* Auth0.plist */ = {isa = PBXFileReference; lastKnownFileType = text.plist; path = Auth0.plist; sourceTree = "<group>"; };
		FA7FBE8C2DA8B8BF002EF557 /* PriorityWidgetExtension.appex */ = {isa = PBXFileReference; explicitFileType = "wrapper.app-extension"; includeInIndex = 0; path = PriorityWidgetExtension.appex; sourceTree = BUILT_PRODUCTS_DIR; };
		FA7FBE8E2DA8B8BF002EF557 /* WidgetKit.framework */ = {isa = PBXFileReference; lastKnownFileType = wrapper.framework; name = WidgetKit.framework; path = System/Library/Frameworks/WidgetKit.framework; sourceTree = SDKROOT; };
		FA7FBE902DA8B8BF002EF557 /* SwiftUI.framework */ = {isa = PBXFileReference; lastKnownFileType = wrapper.framework; name = SwiftUI.framework; path = System/Library/Frameworks/SwiftUI.framework; sourceTree = SDKROOT; };
		FAF550B42D7B720E009C46D5 /* Priority.app */ = {isa = PBXFileReference; explicitFileType = wrapper.application; includeInIndex = 0; path = Priority.app; sourceTree = BUILT_PRODUCTS_DIR; };
/* End PBXFileReference section */

/* Begin PBXFileSystemSynchronizedBuildFileExceptionSet section */
		FA7FBEA22DA8B8C2002EF557 /* Exceptions for "PriorityWidget" folder in "PriorityWidgetExtension" target */ = {
			isa = PBXFileSystemSynchronizedBuildFileExceptionSet;
			membershipExceptions = (
				Info.plist,
			);
			target = FA7FBE8B2DA8B8BF002EF557 /* PriorityWidgetExtension */;
		};
/* End PBXFileSystemSynchronizedBuildFileExceptionSet section */

/* Begin PBXFileSystemSynchronizedRootGroup section */
		62F020582DB9A9530018DFAA /* PriorityTesting2 */ = {
			isa = PBXFileSystemSynchronizedRootGroup;
			path = PriorityTesting2;
			sourceTree = "<group>";
		};
		FA7FBE922DA8B8C0002EF557 /* PriorityWidget */ = {
			isa = PBXFileSystemSynchronizedRootGroup;
			exceptions = (
				FA7FBEA22DA8B8C2002EF557 /* Exceptions for "PriorityWidget" folder in "PriorityWidgetExtension" target */,
			);
			path = PriorityWidget;
			sourceTree = "<group>";
		};
		FAF550B62D7B720E009C46D5 /* Priority */ = {
			isa = PBXFileSystemSynchronizedRootGroup;
			path = Priority;
			sourceTree = "<group>";
		};
/* End PBXFileSystemSynchronizedRootGroup section */

/* Begin PBXFrameworksBuildPhase section */
		62F020542DB9A9530018DFAA /* Frameworks */ = {
			isa = PBXFrameworksBuildPhase;
			buildActionMask = 2147483647;
			files = (
			);
			runOnlyForDeploymentPostprocessing = 0;
		};
		FA7FBE892DA8B8BF002EF557 /* Frameworks */ = {
			isa = PBXFrameworksBuildPhase;
			buildActionMask = 2147483647;
			files = (
				FA7FBE912DA8B8BF002EF557 /* SwiftUI.framework in Frameworks */,
				FA7FBE8F2DA8B8BF002EF557 /* WidgetKit.framework in Frameworks */,
			);
			runOnlyForDeploymentPostprocessing = 0;
		};
		FAF550B12D7B720E009C46D5 /* Frameworks */ = {
			isa = PBXFrameworksBuildPhase;
			buildActionMask = 2147483647;
			files = (
				D8798AAB2DA344FA007C3E65 /* Auth0 in Frameworks */,
			);
			runOnlyForDeploymentPostprocessing = 0;
		};
/* End PBXFrameworksBuildPhase section */

/* Begin PBXGroup section */
		FA7FBE8D2DA8B8BF002EF557 /* Frameworks */ = {
			isa = PBXGroup;
			children = (
				FA7FBE8E2DA8B8BF002EF557 /* WidgetKit.framework */,
				FA7FBE902DA8B8BF002EF557 /* SwiftUI.framework */,
			);
			name = Frameworks;
			sourceTree = "<group>";
		};
		FAF550AB2D7B720E009C46D5 = {
			isa = PBXGroup;
			children = (
				6267DE5C2DB9B2E80086770A /* Priority.xctestplan */,
				D8798AAE2DA345F9007C3E65 /* Auth0.plist */,
				FAF550B62D7B720E009C46D5 /* Priority */,
				FA7FBE922DA8B8C0002EF557 /* PriorityWidget */,
				62F020582DB9A9530018DFAA /* PriorityTesting2 */,
				FA7FBE8D2DA8B8BF002EF557 /* Frameworks */,
				FAF550B52D7B720E009C46D5 /* Products */,
			);
			sourceTree = "<group>";
		};
		FAF550B52D7B720E009C46D5 /* Products */ = {
			isa = PBXGroup;
			children = (
				FAF550B42D7B720E009C46D5 /* Priority.app */,
				FA7FBE8C2DA8B8BF002EF557 /* PriorityWidgetExtension.appex */,
				62F020572DB9A9530018DFAA /* PriorityTesting2.xctest */,
			);
			name = Products;
			sourceTree = "<group>";
		};
/* End PBXGroup section */

/* Begin PBXNativeTarget section */
		62F020562DB9A9530018DFAA /* PriorityTesting2 */ = {
			isa = PBXNativeTarget;
			buildConfigurationList = 62F0205D2DB9A9530018DFAA /* Build configuration list for PBXNativeTarget "PriorityTesting2" */;
			buildPhases = (
				62F020532DB9A9530018DFAA /* Sources */,
				62F020542DB9A9530018DFAA /* Frameworks */,
				62F020552DB9A9530018DFAA /* Resources */,
			);
			buildRules = (
			);
			dependencies = (
				62F0205C2DB9A9530018DFAA /* PBXTargetDependency */,
			);
			fileSystemSynchronizedGroups = (
				62F020582DB9A9530018DFAA /* PriorityTesting2 */,
			);
			name = PriorityTesting2;
			packageProductDependencies = (
			);
			productName = PriorityTesting2;
			productReference = 62F020572DB9A9530018DFAA /* PriorityTesting2.xctest */;
			productType = "com.apple.product-type.bundle.unit-test";
		};
		FA7FBE8B2DA8B8BF002EF557 /* PriorityWidgetExtension */ = {
			isa = PBXNativeTarget;
			buildConfigurationList = FA7FBEA32DA8B8C2002EF557 /* Build configuration list for PBXNativeTarget "PriorityWidgetExtension" */;
			buildPhases = (
				FA7FBE882DA8B8BF002EF557 /* Sources */,
				FA7FBE892DA8B8BF002EF557 /* Frameworks */,
				FA7FBE8A2DA8B8BF002EF557 /* Resources */,
			);
			buildRules = (
			);
			dependencies = (
			);
			fileSystemSynchronizedGroups = (
				FA7FBE922DA8B8C0002EF557 /* PriorityWidget */,
			);
			name = PriorityWidgetExtension;
			packageProductDependencies = (
			);
			productName = PriorityWidgetExtension;
			productReference = FA7FBE8C2DA8B8BF002EF557 /* PriorityWidgetExtension.appex */;
			productType = "com.apple.product-type.app-extension";
		};
		FAF550B32D7B720E009C46D5 /* Priority */ = {
			isa = PBXNativeTarget;
			buildConfigurationList = FAF550C22D7B7211009C46D5 /* Build configuration list for PBXNativeTarget "Priority" */;
			buildPhases = (
				FAF550B02D7B720E009C46D5 /* Sources */,
				FAF550B12D7B720E009C46D5 /* Frameworks */,
				FAF550B22D7B720E009C46D5 /* Resources */,
				FA7FBE9F2DA8B8C2002EF557 /* Embed Foundation Extensions */,
			);
			buildRules = (
			);
			dependencies = (
				FA7FBE9D2DA8B8C2002EF557 /* PBXTargetDependency */,
			);
			fileSystemSynchronizedGroups = (
				FAF550B62D7B720E009C46D5 /* Priority */,
			);
			name = Priority;
			packageProductDependencies = (
				D8798AAA2DA344FA007C3E65 /* Auth0 */,
			);
			productName = "Priority-redo";
			productReference = FAF550B42D7B720E009C46D5 /* Priority.app */;
			productType = "com.apple.product-type.application";
		};
/* End PBXNativeTarget section */

/* Begin PBXProject section */
		FAF550AC2D7B720E009C46D5 /* Project object */ = {
			isa = PBXProject;
			attributes = {
				BuildIndependentTargetsInParallel = 1;
				LastSwiftUpdateCheck = 1620;
				LastUpgradeCheck = 1620;
				TargetAttributes = {
					62F020562DB9A9530018DFAA = {
						CreatedOnToolsVersion = 16.2;
						TestTargetID = FAF550B32D7B720E009C46D5;
					};
					FA7FBE8B2DA8B8BF002EF557 = {
						CreatedOnToolsVersion = 16.2;
					};
					FAF550B32D7B720E009C46D5 = {
						CreatedOnToolsVersion = 16.2;
					};
				};
			};
			buildConfigurationList = FAF550AF2D7B720E009C46D5 /* Build configuration list for PBXProject "Priority" */;
			developmentRegion = en;
			hasScannedForEncodings = 0;
			knownRegions = (
				en,
				Base,
			);
			mainGroup = FAF550AB2D7B720E009C46D5;
			minimizedProjectReferenceProxies = 1;
			packageReferences = (
				D8798AA92DA344FA007C3E65 /* XCRemoteSwiftPackageReference "Auth0" */,
			);
			preferredProjectObjectVersion = 77;
			productRefGroup = FAF550B52D7B720E009C46D5 /* Products */;
			projectDirPath = "";
			projectRoot = "";
			targets = (
				FAF550B32D7B720E009C46D5 /* Priority */,
				FA7FBE8B2DA8B8BF002EF557 /* PriorityWidgetExtension */,
				62F020562DB9A9530018DFAA /* PriorityTesting2 */,
			);
		};
/* End PBXProject section */

/* Begin PBXResourcesBuildPhase section */
		62F020552DB9A9530018DFAA /* Resources */ = {
			isa = PBXResourcesBuildPhase;
			buildActionMask = 2147483647;
			files = (
			);
			runOnlyForDeploymentPostprocessing = 0;
		};
		FA7FBE8A2DA8B8BF002EF557 /* Resources */ = {
			isa = PBXResourcesBuildPhase;
			buildActionMask = 2147483647;
			files = (
			);
			runOnlyForDeploymentPostprocessing = 0;
		};
		FAF550B22D7B720E009C46D5 /* Resources */ = {
			isa = PBXResourcesBuildPhase;
			buildActionMask = 2147483647;
			files = (
				D8798AAF2DA34604007C3E65 /* Auth0.plist in Resources */,
			);
			runOnlyForDeploymentPostprocessing = 0;
		};
/* End PBXResourcesBuildPhase section */

/* Begin PBXSourcesBuildPhase section */
		62F020532DB9A9530018DFAA /* Sources */ = {
			isa = PBXSourcesBuildPhase;
			buildActionMask = 2147483647;
			files = (
			);
			runOnlyForDeploymentPostprocessing = 0;
		};
		FA7FBE882DA8B8BF002EF557 /* Sources */ = {
			isa = PBXSourcesBuildPhase;
			buildActionMask = 2147483647;
			files = (
			);
			runOnlyForDeploymentPostprocessing = 0;
		};
		FAF550B02D7B720E009C46D5 /* Sources */ = {
			isa = PBXSourcesBuildPhase;
			buildActionMask = 2147483647;
			files = (
			);
			runOnlyForDeploymentPostprocessing = 0;
		};
/* End PBXSourcesBuildPhase section */

/* Begin PBXTargetDependency section */
		62F0205C2DB9A9530018DFAA /* PBXTargetDependency */ = {
			isa = PBXTargetDependency;
			target = FAF550B32D7B720E009C46D5 /* Priority */;
			targetProxy = 62F0205B2DB9A9530018DFAA /* PBXContainerItemProxy */;
		};
		FA7FBE9D2DA8B8C2002EF557 /* PBXTargetDependency */ = {
			isa = PBXTargetDependency;
			target = FA7FBE8B2DA8B8BF002EF557 /* PriorityWidgetExtension */;
			targetProxy = FA7FBE9C2DA8B8C2002EF557 /* PBXContainerItemProxy */;
		};
/* End PBXTargetDependency section */

/* Begin XCBuildConfiguration section */
		62F0205E2DB9A9530018DFAA /* Debug */ = {
			isa = XCBuildConfiguration;
			buildSettings = {
				BUNDLE_LOADER = "$(TEST_HOST)";
				CODE_SIGN_STYLE = Automatic;
				CURRENT_PROJECT_VERSION = 1;
				GENERATE_INFOPLIST_FILE = YES;
				MARKETING_VERSION = 1.0;
				PRODUCT_BUNDLE_IDENTIFIER = com.Erin.PriorityTesting2;
				PRODUCT_NAME = "$(TARGET_NAME)";
				SWIFT_EMIT_LOC_STRINGS = NO;
				SWIFT_VERSION = 5.0;
				TARGETED_DEVICE_FAMILY = "1,2";
				TEST_HOST = "$(BUILT_PRODUCTS_DIR)/Priority.app/$(BUNDLE_EXECUTABLE_FOLDER_PATH)/Priority";
			};
			name = Debug;
		};
		62F0205F2DB9A9530018DFAA /* Release */ = {
			isa = XCBuildConfiguration;
			buildSettings = {
				BUNDLE_LOADER = "$(TEST_HOST)";
				CODE_SIGN_STYLE = Automatic;
				CURRENT_PROJECT_VERSION = 1;
				GENERATE_INFOPLIST_FILE = YES;
				MARKETING_VERSION = 1.0;
				PRODUCT_BUNDLE_IDENTIFIER = com.Erin.PriorityTesting2;
				PRODUCT_NAME = "$(TARGET_NAME)";
				SWIFT_EMIT_LOC_STRINGS = NO;
				SWIFT_VERSION = 5.0;
				TARGETED_DEVICE_FAMILY = "1,2";
				TEST_HOST = "$(BUILT_PRODUCTS_DIR)/Priority.app/$(BUNDLE_EXECUTABLE_FOLDER_PATH)/Priority";
			};
			name = Release;
		};
		FA7FBEA02DA8B8C2002EF557 /* Debug */ = {
			isa = XCBuildConfiguration;
			buildSettings = {
				ASSETCATALOG_COMPILER_GLOBAL_ACCENT_COLOR_NAME = AccentColor;
				ASSETCATALOG_COMPILER_WIDGET_BACKGROUND_COLOR_NAME = WidgetBackground;
				CODE_SIGN_STYLE = Automatic;
				CURRENT_PROJECT_VERSION = 1;
				DEVELOPMENT_TEAM = BNC3G49435;
				GENERATE_INFOPLIST_FILE = YES;
				INFOPLIST_FILE = PriorityWidget/Info.plist;
				INFOPLIST_KEY_CFBundleDisplayName = PriorityWidget;
				INFOPLIST_KEY_NSHumanReadableCopyright = "";
				LD_RUNPATH_SEARCH_PATHS = (
					"$(inherited)",
					"@executable_path/Frameworks",
					"@executable_path/../../Frameworks",
				);
				MARKETING_VERSION = 1.0;
				PRODUCT_BUNDLE_IDENTIFIER = "Alexander-Seda.Priority.PriorityWidget";
				PRODUCT_NAME = "$(TARGET_NAME)";
				SKIP_INSTALL = YES;
				SWIFT_EMIT_LOC_STRINGS = YES;
				SWIFT_VERSION = 5.0;
				TARGETED_DEVICE_FAMILY = "1,2";
			};
			name = Debug;
		};
		FA7FBEA12DA8B8C2002EF557 /* Release */ = {
			isa = XCBuildConfiguration;
			buildSettings = {
				ASSETCATALOG_COMPILER_GLOBAL_ACCENT_COLOR_NAME = AccentColor;
				ASSETCATALOG_COMPILER_WIDGET_BACKGROUND_COLOR_NAME = WidgetBackground;
				CODE_SIGN_STYLE = Automatic;
				CURRENT_PROJECT_VERSION = 1;
				DEVELOPMENT_TEAM = BNC3G49435;
				GENERATE_INFOPLIST_FILE = YES;
				INFOPLIST_FILE = PriorityWidget/Info.plist;
				INFOPLIST_KEY_CFBundleDisplayName = PriorityWidget;
				INFOPLIST_KEY_NSHumanReadableCopyright = "";
				LD_RUNPATH_SEARCH_PATHS = (
					"$(inherited)",
					"@executable_path/Frameworks",
					"@executable_path/../../Frameworks",
				);
				MARKETING_VERSION = 1.0;
				PRODUCT_BUNDLE_IDENTIFIER = "Alexander-Seda.Priority.PriorityWidget";
				PRODUCT_NAME = "$(TARGET_NAME)";
				SKIP_INSTALL = YES;
				SWIFT_EMIT_LOC_STRINGS = YES;
				SWIFT_VERSION = 5.0;
				TARGETED_DEVICE_FAMILY = "1,2";
			};
			name = Release;
		};
		FAF550C02D7B7211009C46D5 /* Debug */ = {
			isa = XCBuildConfiguration;
			buildSettings = {
				ALWAYS_SEARCH_USER_PATHS = NO;
				ASSETCATALOG_COMPILER_GENERATE_SWIFT_ASSET_SYMBOL_EXTENSIONS = YES;
				CLANG_ANALYZER_NONNULL = YES;
				CLANG_ANALYZER_NUMBER_OBJECT_CONVERSION = YES_AGGRESSIVE;
				CLANG_CXX_LANGUAGE_STANDARD = "gnu++20";
				CLANG_ENABLE_MODULES = YES;
				CLANG_ENABLE_OBJC_ARC = YES;
				CLANG_ENABLE_OBJC_WEAK = YES;
				CLANG_WARN_BLOCK_CAPTURE_AUTORELEASING = YES;
				CLANG_WARN_BOOL_CONVERSION = YES;
				CLANG_WARN_COMMA = YES;
				CLANG_WARN_CONSTANT_CONVERSION = YES;
				CLANG_WARN_DEPRECATED_OBJC_IMPLEMENTATIONS = YES;
				CLANG_WARN_DIRECT_OBJC_ISA_USAGE = YES_ERROR;
				CLANG_WARN_DOCUMENTATION_COMMENTS = YES;
				CLANG_WARN_EMPTY_BODY = YES;
				CLANG_WARN_ENUM_CONVERSION = YES;
				CLANG_WARN_INFINITE_RECURSION = YES;
				CLANG_WARN_INT_CONVERSION = YES;
				CLANG_WARN_NON_LITERAL_NULL_CONVERSION = YES;
				CLANG_WARN_OBJC_IMPLICIT_RETAIN_SELF = YES;
				CLANG_WARN_OBJC_LITERAL_CONVERSION = YES;
				CLANG_WARN_OBJC_ROOT_CLASS = YES_ERROR;
				CLANG_WARN_QUOTED_INCLUDE_IN_FRAMEWORK_HEADER = YES;
				CLANG_WARN_RANGE_LOOP_ANALYSIS = YES;
				CLANG_WARN_STRICT_PROTOTYPES = YES;
				CLANG_WARN_SUSPICIOUS_MOVE = YES;
				CLANG_WARN_UNGUARDED_AVAILABILITY = YES_AGGRESSIVE;
				CLANG_WARN_UNREACHABLE_CODE = YES;
				CLANG_WARN__DUPLICATE_METHOD_MATCH = YES;
				COPY_PHASE_STRIP = NO;
				DEBUG_INFORMATION_FORMAT = dwarf;
				ENABLE_STRICT_OBJC_MSGSEND = YES;
				ENABLE_TESTABILITY = YES;
				ENABLE_USER_SCRIPT_SANDBOXING = YES;
				GCC_C_LANGUAGE_STANDARD = gnu17;
				GCC_DYNAMIC_NO_PIC = NO;
				GCC_NO_COMMON_BLOCKS = YES;
				GCC_OPTIMIZATION_LEVEL = 0;
				GCC_PREPROCESSOR_DEFINITIONS = (
					"DEBUG=1",
					"$(inherited)",
				);
				GCC_WARN_64_TO_32_BIT_CONVERSION = YES;
				GCC_WARN_ABOUT_RETURN_TYPE = YES_ERROR;
				GCC_WARN_UNDECLARED_SELECTOR = YES;
				GCC_WARN_UNINITIALIZED_AUTOS = YES_AGGRESSIVE;
				GCC_WARN_UNUSED_FUNCTION = YES;
				GCC_WARN_UNUSED_VARIABLE = YES;
				IPHONEOS_DEPLOYMENT_TARGET = 18.2;
				LOCALIZATION_PREFERS_STRING_CATALOGS = YES;
				MTL_ENABLE_DEBUG_INFO = INCLUDE_SOURCE;
				MTL_FAST_MATH = YES;
				ONLY_ACTIVE_ARCH = YES;
				SDKROOT = iphoneos;
				SWIFT_ACTIVE_COMPILATION_CONDITIONS = "DEBUG $(inherited)";
				SWIFT_OPTIMIZATION_LEVEL = "-Onone";
			};
			name = Debug;
		};
		FAF550C12D7B7211009C46D5 /* Release */ = {
			isa = XCBuildConfiguration;
			buildSettings = {
				ALWAYS_SEARCH_USER_PATHS = NO;
				ASSETCATALOG_COMPILER_GENERATE_SWIFT_ASSET_SYMBOL_EXTENSIONS = YES;
				CLANG_ANALYZER_NONNULL = YES;
				CLANG_ANALYZER_NUMBER_OBJECT_CONVERSION = YES_AGGRESSIVE;
				CLANG_CXX_LANGUAGE_STANDARD = "gnu++20";
				CLANG_ENABLE_MODULES = YES;
				CLANG_ENABLE_OBJC_ARC = YES;
				CLANG_ENABLE_OBJC_WEAK = YES;
				CLANG_WARN_BLOCK_CAPTURE_AUTORELEASING = YES;
				CLANG_WARN_BOOL_CONVERSION = YES;
				CLANG_WARN_COMMA = YES;
				CLANG_WARN_CONSTANT_CONVERSION = YES;
				CLANG_WARN_DEPRECATED_OBJC_IMPLEMENTATIONS = YES;
				CLANG_WARN_DIRECT_OBJC_ISA_USAGE = YES_ERROR;
				CLANG_WARN_DOCUMENTATION_COMMENTS = YES;
				CLANG_WARN_EMPTY_BODY = YES;
				CLANG_WARN_ENUM_CONVERSION = YES;
				CLANG_WARN_INFINITE_RECURSION = YES;
				CLANG_WARN_INT_CONVERSION = YES;
				CLANG_WARN_NON_LITERAL_NULL_CONVERSION = YES;
				CLANG_WARN_OBJC_IMPLICIT_RETAIN_SELF = YES;
				CLANG_WARN_OBJC_LITERAL_CONVERSION = YES;
				CLANG_WARN_OBJC_ROOT_CLASS = YES_ERROR;
				CLANG_WARN_QUOTED_INCLUDE_IN_FRAMEWORK_HEADER = YES;
				CLANG_WARN_RANGE_LOOP_ANALYSIS = YES;
				CLANG_WARN_STRICT_PROTOTYPES = YES;
				CLANG_WARN_SUSPICIOUS_MOVE = YES;
				CLANG_WARN_UNGUARDED_AVAILABILITY = YES_AGGRESSIVE;
				CLANG_WARN_UNREACHABLE_CODE = YES;
				CLANG_WARN__DUPLICATE_METHOD_MATCH = YES;
				COPY_PHASE_STRIP = NO;
				DEBUG_INFORMATION_FORMAT = "dwarf-with-dsym";
				ENABLE_NS_ASSERTIONS = NO;
				ENABLE_STRICT_OBJC_MSGSEND = YES;
				ENABLE_USER_SCRIPT_SANDBOXING = YES;
				GCC_C_LANGUAGE_STANDARD = gnu17;
				GCC_NO_COMMON_BLOCKS = YES;
				GCC_WARN_64_TO_32_BIT_CONVERSION = YES;
				GCC_WARN_ABOUT_RETURN_TYPE = YES_ERROR;
				GCC_WARN_UNDECLARED_SELECTOR = YES;
				GCC_WARN_UNINITIALIZED_AUTOS = YES_AGGRESSIVE;
				GCC_WARN_UNUSED_FUNCTION = YES;
				GCC_WARN_UNUSED_VARIABLE = YES;
				IPHONEOS_DEPLOYMENT_TARGET = 18.2;
				LOCALIZATION_PREFERS_STRING_CATALOGS = YES;
				MTL_ENABLE_DEBUG_INFO = NO;
				MTL_FAST_MATH = YES;
				SDKROOT = iphoneos;
				SWIFT_COMPILATION_MODE = wholemodule;
				VALIDATE_PRODUCT = YES;
			};
			name = Release;
		};
		FAF550C32D7B7211009C46D5 /* Debug */ = {
			isa = XCBuildConfiguration;
			buildSettings = {
				ASSETCATALOG_COMPILER_APPICON_NAME = AppIcon;
				ASSETCATALOG_COMPILER_GLOBAL_ACCENT_COLOR_NAME = AccentColor;
				CODE_SIGN_ENTITLEMENTS = Priority/Priority.entitlements;
				CODE_SIGN_STYLE = Automatic;
				CURRENT_PROJECT_VERSION = 1;
				DEVELOPMENT_ASSET_PATHS = "\"Priority/Preview Content\"";
				DEVELOPMENT_TEAM = BNC3G49435;
				ENABLE_PREVIEWS = YES;
				GENERATE_INFOPLIST_FILE = YES;
				INFOPLIST_KEY_CFBundleDisplayName = Priority;
				INFOPLIST_KEY_UIApplicationSceneManifest_Generation = YES;
				INFOPLIST_KEY_UIApplicationSupportsIndirectInputEvents = YES;
				INFOPLIST_KEY_UILaunchScreen_Generation = YES;
				INFOPLIST_KEY_UISupportedInterfaceOrientations_iPad = "UIInterfaceOrientationPortrait UIInterfaceOrientationPortraitUpsideDown UIInterfaceOrientationLandscapeLeft UIInterfaceOrientationLandscapeRight";
				INFOPLIST_KEY_UISupportedInterfaceOrientations_iPhone = "UIInterfaceOrientationPortrait UIInterfaceOrientationLandscapeLeft UIInterfaceOrientationLandscapeRight";
				LD_RUNPATH_SEARCH_PATHS = (
					"$(inherited)",
					"@executable_path/Frameworks",
				);
				MARKETING_VERSION = 1.0;
				PRODUCT_BUNDLE_IDENTIFIER = "Alexander-Seda.Priority";
				PRODUCT_NAME = "$(TARGET_NAME)";
				SWIFT_EMIT_LOC_STRINGS = YES;
				SWIFT_VERSION = 5.0;
				TARGETED_DEVICE_FAMILY = "1,2";
			};
			name = Debug;
		};
		FAF550C42D7B7211009C46D5 /* Release */ = {
			isa = XCBuildConfiguration;
			buildSettings = {
				ASSETCATALOG_COMPILER_APPICON_NAME = AppIcon;
				ASSETCATALOG_COMPILER_GLOBAL_ACCENT_COLOR_NAME = AccentColor;
				CODE_SIGN_ENTITLEMENTS = Priority/Priority.entitlements;
				CODE_SIGN_STYLE = Automatic;
				CURRENT_PROJECT_VERSION = 1;
				DEVELOPMENT_ASSET_PATHS = "\"Priority/Preview Content\"";
				DEVELOPMENT_TEAM = BNC3G49435;
				ENABLE_PREVIEWS = YES;
				GENERATE_INFOPLIST_FILE = YES;
				INFOPLIST_KEY_CFBundleDisplayName = Priority;
				INFOPLIST_KEY_UIApplicationSceneManifest_Generation = YES;
				INFOPLIST_KEY_UIApplicationSupportsIndirectInputEvents = YES;
				INFOPLIST_KEY_UILaunchScreen_Generation = YES;
				INFOPLIST_KEY_UISupportedInterfaceOrientations_iPad = "UIInterfaceOrientationPortrait UIInterfaceOrientationPortraitUpsideDown UIInterfaceOrientationLandscapeLeft UIInterfaceOrientationLandscapeRight";
				INFOPLIST_KEY_UISupportedInterfaceOrientations_iPhone = "UIInterfaceOrientationPortrait UIInterfaceOrientationLandscapeLeft UIInterfaceOrientationLandscapeRight";
				LD_RUNPATH_SEARCH_PATHS = (
					"$(inherited)",
					"@executable_path/Frameworks",
				);
				MARKETING_VERSION = 1.0;
				PRODUCT_BUNDLE_IDENTIFIER = "Alexander-Seda.Priority";
				PRODUCT_NAME = "$(TARGET_NAME)";
				SWIFT_EMIT_LOC_STRINGS = YES;
				SWIFT_VERSION = 5.0;
				TARGETED_DEVICE_FAMILY = "1,2";
			};
			name = Release;
		};
/* End XCBuildConfiguration section */

/* Begin XCConfigurationList section */
		62F0205D2DB9A9530018DFAA /* Build configuration list for PBXNativeTarget "PriorityTesting2" */ = {
			isa = XCConfigurationList;
			buildConfigurations = (
				62F0205E2DB9A9530018DFAA /* Debug */,
				62F0205F2DB9A9530018DFAA /* Release */,
			);
			defaultConfigurationIsVisible = 0;
			defaultConfigurationName = Release;
		};
		FA7FBEA32DA8B8C2002EF557 /* Build configuration list for PBXNativeTarget "PriorityWidgetExtension" */ = {
			isa = XCConfigurationList;
			buildConfigurations = (
				FA7FBEA02DA8B8C2002EF557 /* Debug */,
				FA7FBEA12DA8B8C2002EF557 /* Release */,
			);
			defaultConfigurationIsVisible = 0;
			defaultConfigurationName = Release;
		};
		FAF550AF2D7B720E009C46D5 /* Build configuration list for PBXProject "Priority" */ = {
			isa = XCConfigurationList;
			buildConfigurations = (
				FAF550C02D7B7211009C46D5 /* Debug */,
				FAF550C12D7B7211009C46D5 /* Release */,
			);
			defaultConfigurationIsVisible = 0;
			defaultConfigurationName = Release;
		};
		FAF550C22D7B7211009C46D5 /* Build configuration list for PBXNativeTarget "Priority" */ = {
			isa = XCConfigurationList;
			buildConfigurations = (
				FAF550C32D7B7211009C46D5 /* Debug */,
				FAF550C42D7B7211009C46D5 /* Release */,
			);
			defaultConfigurationIsVisible = 0;
			defaultConfigurationName = Release;
		};
/* End XCConfigurationList section */

/* Begin XCRemoteSwiftPackageReference section */
		D8798AA92DA344FA007C3E65 /* XCRemoteSwiftPackageReference "Auth0" */ = {
			isa = XCRemoteSwiftPackageReference;
			repositoryURL = "https://github.com/auth0/Auth0.swift";
			requirement = {
				kind = upToNextMajorVersion;
				minimumVersion = 2.10.0;
			};
		};
/* End XCRemoteSwiftPackageReference section */

/* Begin XCSwiftPackageProductDependency section */
		D8798AAA2DA344FA007C3E65 /* Auth0 */ = {
			isa = XCSwiftPackageProductDependency;
			package = D8798AA92DA344FA007C3E65 /* XCRemoteSwiftPackageReference "Auth0" */;
			productName = Auth0;
		};
/* End XCSwiftPackageProductDependency section */
	};
	rootObject = FAF550AC2D7B720E009C46D5 /* Project object */;
}
